
Microsoft Visual Studio Solution File, Format Version 12.00
# Visual Studio Version 17
VisualStudioVersion = 17.3.32922.545
MinimumVisualStudioVersion = 10.0.40219.1
Project("{9A19103F-16F7-4668-BE54-9A1E7A4F7556}") = "TinyTrade", "TinyTrade\TinyTrade.csproj", "{DE914AA3-3E8A-434B-94A6-D80C0716EF02}"
	ProjectSection(ProjectDependencies) = postProject
		{E48C4642-AB76-4BCF-9BA6-B2EA1E5F980F} = {E48C4642-AB76-4BCF-9BA6-B2EA1E5F980F}
	EndProjectSection
EndProject
Project("{9A19103F-16F7-4668-BE54-9A1E7A4F7556}") = "TinyTrade.Core", "TinyTrade.Core\TinyTrade.Core.csproj", "{E04380BE-64BC-4D81-923C-B35401DD02FF}"
EndProject
Project("{9A19103F-16F7-4668-BE54-9A1E7A4F7556}") = "TinyTrade.Live", "TinyTrade.Live\TinyTrade.Live.csproj", "{E48C4642-AB76-4BCF-9BA6-B2EA1E5F980F}"
EndProject
Project("{9A19103F-16F7-4668-BE54-9A1E7A4F7556}") = "TinyTrade.Indicators", "TinyTrade.Indicators\TinyTrade.Indicators.csproj", "{A5A1F464-7228-41FB-97A6-8021B59AEC41}"
EndProject
Project("{9A19103F-16F7-4668-BE54-9A1E7A4F7556}") = "TinyTrade.Strategies", "TinyTrade.Strategies\TinyTrade.Strategies.csproj", "{D5B7D4D1-93D3-42C9-BA83-A416D12DB64F}"
EndProject
Project("{2150E333-8FDC-42A3-9474-1A3956D46DE8}") = "Bundle", "Bundle", "{347725B0-95C1-4D97-B959-AA4DC4B108C3}"
	ProjectSection(SolutionItems) = preProject
		bundle.bat = bundle.bat
		clean.bat = clean.bat
		commands.json = commands.json
		linux-arm64.bat = linux-arm64.bat
		linux-x64.bat = linux-x64.bat
		win-x64.bat = win-x64.bat
	EndProjectSection
EndProject
Project("{9A19103F-16F7-4668-BE54-9A1E7A4F7556}") = "TinyTrade.Tests", "TinyTrade.Tests\TinyTrade.Tests.csproj", "{93CFF5CB-0F35-4F35-A82D-8C223D464CDE}"
EndProject
Global
	GlobalSection(SolutionConfigurationPlatforms) = preSolution
		Debug|Any CPU = Debug|Any CPU
		Release|Any CPU = Release|Any CPU
	EndGlobalSection
	GlobalSection(ProjectConfigurationPlatforms) = postSolution
		{DE914AA3-3E8A-434B-94A6-D80C0716EF02}.Debug|Any CPU.ActiveCfg = Debug|Any CPU
		{DE914AA3-3E8A-434B-94A6-D80C0716EF02}.Debug|Any CPU.Build.0 = Debug|Any CPU
		{DE914AA3-3E8A-434B-94A6-D80C0716EF02}.Release|Any CPU.ActiveCfg = Release|Any CPU
		{DE914AA3-3E8A-434B-94A6-D80C0716EF02}.Release|Any CPU.Build.0 = Release|Any CPU
		{E04380BE-64BC-4D81-923C-B35401DD02FF}.Debug|Any CPU.ActiveCfg = Debug|Any CPU
		{E04380BE-64BC-4D81-923C-B35401DD02FF}.Debug|Any CPU.Build.0 = Debug|Any CPU
		{E04380BE-64BC-4D81-923C-B35401DD02FF}.Release|Any CPU.ActiveCfg = Release|Any CPU
		{E04380BE-64BC-4D81-923C-B35401DD02FF}.Release|Any CPU.Build.0 = Release|Any CPU
		{E48C4642-AB76-4BCF-9BA6-B2EA1E5F980F}.Debug|Any CPU.ActiveCfg = Debug|Any CPU
		{E48C4642-AB76-4BCF-9BA6-B2EA1E5F980F}.Debug|Any CPU.Build.0 = Debug|Any CPU
		{E48C4642-AB76-4BCF-9BA6-B2EA1E5F980F}.Release|Any CPU.ActiveCfg = Release|Any CPU
		{E48C4642-AB76-4BCF-9BA6-B2EA1E5F980F}.Release|Any CPU.Build.0 = Release|Any CPU
		{A5A1F464-7228-41FB-97A6-8021B59AEC41}.Debug|Any CPU.ActiveCfg = Debug|Any CPU
		{A5A1F464-7228-41FB-97A6-8021B59AEC41}.Debug|Any CPU.Build.0 = Debug|Any CPU
		{A5A1F464-7228-41FB-97A6-8021B59AEC41}.Release|Any CPU.ActiveCfg = Release|Any CPU
		{A5A1F464-7228-41FB-97A6-8021B59AEC41}.Release|Any CPU.Build.0 = Release|Any CPU
		{D5B7D4D1-93D3-42C9-BA83-A416D12DB64F}.Debug|Any CPU.ActiveCfg = Debug|Any CPU
		{D5B7D4D1-93D3-42C9-BA83-A416D12DB64F}.Debug|Any CPU.Build.0 = Debug|Any CPU
		{D5B7D4D1-93D3-42C9-BA83-A416D12DB64F}.Release|Any CPU.ActiveCfg = Release|Any CPU
		{D5B7D4D1-93D3-42C9-BA83-A416D12DB64F}.Release|Any CPU.Build.0 = Release|Any CPU
		{93CFF5CB-0F35-4F35-A82D-8C223D464CDE}.Debug|Any CPU.ActiveCfg = Debug|Any CPU
		{93CFF5CB-0F35-4F35-A82D-8C223D464CDE}.Debug|Any CPU.Build.0 = Debug|Any CPU
		{93CFF5CB-0F35-4F35-A82D-8C223D464CDE}.Release|Any CPU.ActiveCfg = Release|Any CPU
		{93CFF5CB-0F35-4F35-A82D-8C223D464CDE}.Release|Any CPU.Build.0 = Release|Any CPU
	EndGlobalSection
	GlobalSection(SolutionProperties) = preSolution
		HideSolutionNode = FALSE
	EndGlobalSection
	GlobalSection(ExtensibilityGlobals) = postSolution
		SolutionGuid = {020CA649-B1BB-485E-910D-FAA393401EBF}
	EndGlobalSection
EndGlobal
